// !$*UTF8*$!
{
	archiveVersion = 1;
	classes = {
	};
	objectVersion = 50;
	objects = {

/* Begin PBXBuildFile section */
		BE3808B92178AC9000FC8436 /* AppDelegate.m in Sources */ = {isa = PBXBuildFile; fileRef = BE3808B82178AC9000FC8436 /* AppDelegate.m */; };
		BE3808BC2178AC9000FC8436 /* ViewController.m in Sources */ = {isa = PBXBuildFile; fileRef = BE3808BB2178AC9000FC8436 /* ViewController.m */; };
		BE3808BF2178AC9000FC8436 /* Main.storyboard in Resources */ = {isa = PBXBuildFile; fileRef = BE3808BD2178AC9000FC8436 /* Main.storyboard */; };
		BE3808C12178AC9200FC8436 /* Assets.xcassets in Resources */ = {isa = PBXBuildFile; fileRef = BE3808C02178AC9200FC8436 /* Assets.xcassets */; };
		BE3808C42178AC9200FC8436 /* LaunchScreen.storyboard in Resources */ = {isa = PBXBuildFile; fileRef = BE3808C22178AC9200FC8436 /* LaunchScreen.storyboard */; };
		BE3808C72178AC9200FC8436 /* main.m in Sources */ = {isa = PBXBuildFile; fileRef = BE3808C62178AC9200FC8436 /* main.m */; };
		BE3808D52178ACA800FC8436 /* ObjCHelperDemoTests.m in Sources */ = {isa = PBXBuildFile; fileRef = BE3808D42178ACA800FC8436 /* ObjCHelperDemoTests.m */; };
		BE3808DD2178ACC900FC8436 /* DDObjectGetterTests.mm in Sources */ = {isa = PBXBuildFile; fileRef = BE3808DC2178ACC900FC8436 /* DDObjectGetterTests.mm */; };
		BE3808E02178ACE100FC8436 /* DDObjectGetter.mm in Sources */ = {isa = PBXBuildFile; fileRef = BE3808DE2178ACE000FC8436 /* DDObjectGetter.mm */; };
/* End PBXBuildFile section */

/* Begin PBXContainerItemProxy section */
		BE3808D72178ACA800FC8436 /* PBXContainerItemProxy */ = {
			isa = PBXContainerItemProxy;
			containerPortal = BE3808AC2178AC9000FC8436 /* Project object */;
			proxyType = 1;
			remoteGlobalIDString = BE3808B32178AC9000FC8436;
			remoteInfo = ObjCHelperDemo;
		};
/* End PBXContainerItemProxy section */

/* Begin PBXFileReference section */
		BE3808B42178AC9000FC8436 /* ObjCHelperDemo.app */ = {isa = PBXFileReference; explicitFileType = wrapper.application; includeInIndex = 0; path = ObjCHelperDemo.app; sourceTree = BUILT_PRODUCTS_DIR; };
		BE3808B72178AC9000FC8436 /* AppDelegate.h */ = {isa = PBXFileReference; lastKnownFileType = sourcecode.c.h; path = AppDelegate.h; sourceTree = "<group>"; };
		BE3808B82178AC9000FC8436 /* AppDelegate.m */ = {isa = PBXFileReference; lastKnownFileType = sourcecode.c.objc; path = AppDelegate.m; sourceTree = "<group>"; };
		BE3808BA2178AC9000FC8436 /* ViewController.h */ = {isa = PBXFileReference; lastKnownFileType = sourcecode.c.h; path = ViewController.h; sourceTree = "<group>"; };
		BE3808BB2178AC9000FC8436 /* ViewController.m */ = {isa = PBXFileReference; lastKnownFileType = sourcecode.c.objc; path = ViewController.m; sourceTree = "<group>"; };
		BE3808BE2178AC9000FC8436 /* Base */ = {isa = PBXFileReference; lastKnownFileType = file.storyboard; name = Base; path = Base.lproj/Main.storyboard; sourceTree = "<group>"; };
		BE3808C02178AC9200FC8436 /* Assets.xcassets */ = {isa = PBXFileReference; lastKnownFileType = folder.assetcatalog; path = Assets.xcassets; sourceTree = "<group>"; };
		BE3808C32178AC9200FC8436 /* Base */ = {isa = PBXFileReference; lastKnownFileType = file.storyboard; name = Base; path = Base.lproj/LaunchScreen.storyboard; sourceTree = "<group>"; };
		BE3808C52178AC9200FC8436 /* Info.plist */ = {isa = PBXFileReference; lastKnownFileType = text.plist.xml; path = Info.plist; sourceTree = "<group>"; };
		BE3808C62178AC9200FC8436 /* main.m */ = {isa = PBXFileReference; lastKnownFileType = sourcecode.c.objc; path = main.m; sourceTree = "<group>"; };
		BE3808D22178ACA700FC8436 /* ObjCHelperDemoTests.xctest */ = {isa = PBXFileReference; explicitFileType = wrapper.cfbundle; includeInIndex = 0; path = ObjCHelperDemoTests.xctest; sourceTree = BUILT_PRODUCTS_DIR; };
		BE3808D42178ACA800FC8436 /* ObjCHelperDemoTests.m */ = {isa = PBXFileReference; lastKnownFileType = sourcecode.c.objc; path = ObjCHelperDemoTests.m; sourceTree = "<group>"; };
		BE3808D62178ACA800FC8436 /* Info.plist */ = {isa = PBXFileReference; lastKnownFileType = text.plist.xml; path = Info.plist; sourceTree = "<group>"; };
		BE3808DC2178ACC900FC8436 /* DDObjectGetterTests.mm */ = {isa = PBXFileReference; fileEncoding = 4; lastKnownFileType = sourcecode.cpp.objcpp; path = DDObjectGetterTests.mm; sourceTree = "<group>"; };
		BE3808DE2178ACE000FC8436 /* DDObjectGetter.mm */ = {isa = PBXFileReference; fileEncoding = 4; lastKnownFileType = sourcecode.cpp.objcpp; path = DDObjectGetter.mm; sourceTree = "<group>"; };
		BE3808DF2178ACE000FC8436 /* DDObjectGetter.h */ = {isa = PBXFileReference; fileEncoding = 4; lastKnownFileType = sourcecode.c.h; path = DDObjectGetter.h; sourceTree = "<group>"; };
/* End PBXFileReference section */

/* Begin PBXFrameworksBuildPhase section */
		BE3808B12178AC9000FC8436 /* Frameworks */ = {
			isa = PBXFrameworksBuildPhase;
			buildActionMask = 2147483647;
			files = (
			);
			runOnlyForDeploymentPostprocessing = 0;
		};
		BE3808CF2178ACA700FC8436 /* Frameworks */ = {
			isa = PBXFrameworksBuildPhase;
			buildActionMask = 2147483647;
			files = (
			);
			runOnlyForDeploymentPostprocessing = 0;
		};
/* End PBXFrameworksBuildPhase section */

/* Begin PBXGroup section */
		BE3808AB2178AC9000FC8436 = {
			isa = PBXGroup;
			children = (
				BE3808CD2178AC9D00FC8436 /* Source */,
				BE3808B62178AC9000FC8436 /* ObjCHelperDemo */,
				BE3808D32178ACA800FC8436 /* ObjCHelperDemoTests */,
				BE3808B52178AC9000FC8436 /* Products */,
			);
			sourceTree = "<group>";
		};
		BE3808B52178AC9000FC8436 /* Products */ = {
			isa = PBXGroup;
			children = (
				BE3808B42178AC9000FC8436 /* ObjCHelperDemo.app */,
				BE3808D22178ACA700FC8436 /* ObjCHelperDemoTests.xctest */,
			);
			name = Products;
			sourceTree = "<group>";
		};
		BE3808B62178AC9000FC8436 /* ObjCHelperDemo */ = {
			isa = PBXGroup;
			children = (
				BE3808B72178AC9000FC8436 /* AppDelegate.h */,
				BE3808B82178AC9000FC8436 /* AppDelegate.m */,
				BE3808BA2178AC9000FC8436 /* ViewController.h */,
				BE3808BB2178AC9000FC8436 /* ViewController.m */,
				BE3808BD2178AC9000FC8436 /* Main.storyboard */,
				BE3808C02178AC9200FC8436 /* Assets.xcassets */,
				BE3808C22178AC9200FC8436 /* LaunchScreen.storyboard */,
				BE3808C52178AC9200FC8436 /* Info.plist */,
				BE3808C62178AC9200FC8436 /* main.m */,
			);
			path = ObjCHelperDemo;
			sourceTree = "<group>";
		};
		BE3808CD2178AC9D00FC8436 /* Source */ = {
			isa = PBXGroup;
			children = (
				BE3808DF2178ACE000FC8436 /* DDObjectGetter.h */,
				BE3808DE2178ACE000FC8436 /* DDObjectGetter.mm */,
			);
			name = Source;
			path = ../Source;
			sourceTree = "<group>";
		};
		BE3808D32178ACA800FC8436 /* ObjCHelperDemoTests */ = {
			isa = PBXGroup;
			children = (
				BE3808DC2178ACC900FC8436 /* DDObjectGetterTests.mm */,
				BE3808D42178ACA800FC8436 /* ObjCHelperDemoTests.m */,
				BE3808D62178ACA800FC8436 /* Info.plist */,
			);
			path = ObjCHelperDemoTests;
			sourceTree = "<group>";
		};
/* End PBXGroup section */

/* Begin PBXNativeTarget section */
		BE3808B32178AC9000FC8436 /* ObjCHelperDemo */ = {
			isa = PBXNativeTarget;
			buildConfigurationList = BE3808CA2178AC9200FC8436 /* Build configuration list for PBXNativeTarget "ObjCHelperDemo" */;
			buildPhases = (
				BE3808B02178AC9000FC8436 /* Sources */,
				BE3808B12178AC9000FC8436 /* Frameworks */,
				BE3808B22178AC9000FC8436 /* Resources */,
			);
			buildRules = (
			);
			dependencies = (
			);
			name = ObjCHelperDemo;
			productName = ObjCHelperDemo;
			productReference = BE3808B42178AC9000FC8436 /* ObjCHelperDemo.app */;
			productType = "com.apple.product-type.application";
		};
		BE3808D12178ACA700FC8436 /* ObjCHelperDemoTests */ = {
			isa = PBXNativeTarget;
			buildConfigurationList = BE3808D92178ACA800FC8436 /* Build configuration list for PBXNativeTarget "ObjCHelperDemoTests" */;
			buildPhases = (
				BE3808CE2178ACA700FC8436 /* Sources */,
				BE3808CF2178ACA700FC8436 /* Frameworks */,
				BE3808D02178ACA700FC8436 /* Resources */,
			);
			buildRules = (
			);
			dependencies = (
				BE3808D82178ACA800FC8436 /* PBXTargetDependency */,
			);
			name = ObjCHelperDemoTests;
			productName = ObjCHelperDemoTests;
			productReference = BE3808D22178ACA700FC8436 /* ObjCHelperDemoTests.xctest */;
			productType = "com.apple.product-type.bundle.unit-test";
		};
/* End PBXNativeTarget section */

/* Begin PBXProject section */
		BE3808AC2178AC9000FC8436 /* Project object */ = {
			isa = PBXProject;
			attributes = {
				LastUpgradeCheck = 1000;
				ORGANIZATIONNAME = daniel;
				TargetAttributes = {
					BE3808B32178AC9000FC8436 = {
						CreatedOnToolsVersion = 10.0;
					};
					BE3808D12178ACA700FC8436 = {
						CreatedOnToolsVersion = 10.0;
						TestTargetID = BE3808B32178AC9000FC8436;
					};
				};
			};
			buildConfigurationList = BE3808AF2178AC9000FC8436 /* Build configuration list for PBXProject "ObjCHelperDemo" */;
			compatibilityVersion = "Xcode 9.3";
			developmentRegion = en;
			hasScannedForEncodings = 0;
			knownRegions = (
				en,
				Base,
			);
			mainGroup = BE3808AB2178AC9000FC8436;
			productRefGroup = BE3808B52178AC9000FC8436 /* Products */;
			projectDirPath = "";
			projectRoot = "";
			targets = (
				BE3808B32178AC9000FC8436 /* ObjCHelperDemo */,
				BE3808D12178ACA700FC8436 /* ObjCHelperDemoTests */,
			);
		};
/* End PBXProject section */

/* Begin PBXResourcesBuildPhase section */
		BE3808B22178AC9000FC8436 /* Resources */ = {
			isa = PBXResourcesBuildPhase;
			buildActionMask = 2147483647;
			files = (
				BE3808C42178AC9200FC8436 /* LaunchScreen.storyboard in Resources */,
				BE3808C12178AC9200FC8436 /* Assets.xcassets in Resources */,
				BE3808BF2178AC9000FC8436 /* Main.storyboard in Resources */,
			);
			runOnlyForDeploymentPostprocessing = 0;
		};
		BE3808D02178ACA700FC8436 /* Resources */ = {
			isa = PBXResourcesBuildPhase;
			buildActionMask = 2147483647;
			files = (
			);
			runOnlyForDeploymentPostprocessing = 0;
		};
/* End PBXResourcesBuildPhase section */

/* Begin PBXSourcesBuildPhase section */
		BE3808B02178AC9000FC8436 /* Sources */ = {
			isa = PBXSourcesBuildPhase;
			buildActionMask = 2147483647;
			files = (
				BE3808BC2178AC9000FC8436 /* ViewController.m in Sources */,
				BE3808C72178AC9200FC8436 /* main.m in Sources */,
				BE3808B92178AC9000FC8436 /* AppDelegate.m in Sources */,
			);
			runOnlyForDeploymentPostprocessing = 0;
		};
		BE3808CE2178ACA700FC8436 /* Sources */ = {
			isa = PBXSourcesBuildPhase;
			buildActionMask = 2147483647;
			files = (
				BE3808D52178ACA800FC8436 /* ObjCHelperDemoTests.m in Sources */,
				BE3808E02178ACE100FC8436 /* DDObjectGetter.mm in Sources */,
				BE3808DD2178ACC900FC8436 /* DDObjectGetterTests.mm in Sources */,
			);
			runOnlyForDeploymentPostprocessing = 0;
		};
/* End PBXSourcesBuildPhase section */

/* Begin PBXTargetDependency section */
		BE3808D82178ACA800FC8436 /* PBXTargetDependency */ = {
			isa = PBXTargetDependency;
			target = BE3808B32178AC9000FC8436 /* ObjCHelperDemo */;
			targetProxy = BE3808D72178ACA800FC8436 /* PBXContainerItemProxy */;
		};
/* End PBXTargetDependency section */

/* Begin PBXVariantGroup section */
		BE3808BD2178AC9000FC8436 /* Main.storyboard */ = {
			isa = PBXVariantGroup;
			children = (
				BE3808BE2178AC9000FC8436 /* Base */,
			);
			name = Main.storyboard;
			sourceTree = "<group>";
		};
		BE3808C22178AC9200FC8436 /* LaunchScreen.storyboard */ = {
			isa = PBXVariantGroup;
			children = (
				BE3808C32178AC9200FC8436 /* Base */,
			);
			name = LaunchScreen.storyboard;
			sourceTree = "<group>";
		};
/* End PBXVariantGroup section */

/* Begin XCBuildConfiguration section */
		BE3808C82178AC9200FC8436 /* Debug */ = {
			isa = XCBuildConfiguration;
			buildSettings = {
				ALWAYS_SEARCH_USER_PATHS = NO;
				CLANG_ANALYZER_NONNULL = YES;
				CLANG_ANALYZER_NUMBER_OBJECT_CONVERSION = YES_AGGRESSIVE;
				CLANG_CXX_LANGUAGE_STANDARD = "gnu++14";
				CLANG_CXX_LIBRARY = "libc++";
				CLANG_ENABLE_MODULES = YES;
				CLANG_ENABLE_OBJC_ARC = YES;
				CLANG_ENABLE_OBJC_WEAK = YES;
				CLANG_WARN_BLOCK_CAPTURE_AUTORELEASING = YES;
				CLANG_WARN_BOOL_CONVERSION = YES;
				CLANG_WARN_COMMA = YES;
				CLANG_WARN_CONSTANT_CONVERSION = YES;
				CLANG_WARN_DEPRECATED_OBJC_IMPLEMENTATIONS = YES;
				CLANG_WARN_DIRECT_OBJC_ISA_USAGE = YES_ERROR;
				CLANG_WARN_DOCUMENTATION_COMMENTS = YES;
				CLANG_WARN_EMPTY_BODY = YES;
				CLANG_WARN_ENUM_CONVERSION = YES;
				CLANG_WARN_INFINITE_RECURSION = YES;
				CLANG_WARN_INT_CONVERSION = YES;
				CLANG_WARN_NON_LITERAL_NULL_CONVERSION = YES;
				CLANG_WARN_OBJC_IMPLICIT_RETAIN_SELF = YES;
				CLANG_WARN_OBJC_LITERAL_CONVERSION = YES;
				CLANG_WARN_OBJC_ROOT_CLASS = YES_ERROR;
				CLANG_WARN_RANGE_LOOP_ANALYSIS = YES;
				CLANG_WARN_STRICT_PROTOTYPES = YES;
				CLANG_WARN_SUSPICIOUS_MOVE = YES;
				CLANG_WARN_UNGUARDED_AVAILABILITY = YES_AGGRESSIVE;
				CLANG_WARN_UNREACHABLE_CODE = YES;
				CLANG_WARN__DUPLICATE_METHOD_MATCH = YES;
				CODE_SIGN_IDENTITY = "iPhone Developer";
				COPY_PHASE_STRIP = NO;
				DEBUG_INFORMATION_FORMAT = dwarf;
				ENABLE_STRICT_OBJC_MSGSEND = YES;
				ENABLE_TESTABILITY = YES;
				GCC_C_LANGUAGE_STANDARD = gnu11;
				GCC_DYNAMIC_NO_PIC = NO;
				GCC_NO_COMMON_BLOCKS = YES;
				GCC_OPTIMIZATION_LEVEL = 0;
				GCC_PREPROCESSOR_DEFINITIONS = (
					"DEBUG=1",
					"$(inherited)",
				);
				GCC_WARN_64_TO_32_BIT_CONVERSION = YES;
				GCC_WARN_ABOUT_RETURN_TYPE = YES_ERROR;
				GCC_WARN_UNDECLARED_SELECTOR = YES;
				GCC_WARN_UNINITIALIZED_AUTOS = YES_AGGRESSIVE;
				GCC_WARN_UNUSED_FUNCTION = YES;
				GCC_WARN_UNUSED_VARIABLE = YES;
				IPHONEOS_DEPLOYMENT_TARGET = 12.0;
				MTL_ENABLE_DEBUG_INFO = INCLUDE_SOURCE;
				MTL_FAST_MATH = YES;
				ONLY_ACTIVE_ARCH = YES;
				SDKROOT = iphoneos;
			};
			name = Debug;
		};
		BE3808C92178AC9200FC8436 /* Release */ = {
			isa = XCBuildConfiguration;
			buildSettings = {
				ALWAYS_SEARCH_USER_PATHS = NO;
				CLANG_ANALYZER_NONNULL = YES;
				CLANG_ANALYZER_NUMBER_OBJECT_CONVERSION = YES_AGGRESSIVE;
				CLANG_CXX_LANGUAGE_STANDARD = "gnu++14";
				CLANG_CXX_LIBRARY = "libc++";
				CLANG_ENABLE_MODULES = YES;
				CLANG_ENABLE_OBJC_ARC = YES;
				CLANG_ENABLE_OBJC_WEAK = YES;
				CLANG_WARN_BLOCK_CAPTURE_AUTORELEASING = YES;
				CLANG_WARN_BOOL_CONVERSION = YES;
				CLANG_WARN_COMMA = YES;
				CLANG_WARN_CONSTANT_CONVERSION = YES;
				CLANG_WARN_DEPRECATED_OBJC_IMPLEMENTATIONS = YES;
				CLANG_WARN_DIRECT_OBJC_ISA_USAGE = YES_ERROR;
				CLANG_WARN_DOCUMENTATION_COMMENTS = YES;
				CLANG_WARN_EMPTY_BODY = YES;
				CLANG_WARN_ENUM_CONVERSION = YES;
				CLANG_WARN_INFINITE_RECURSION = YES;
				CLANG_WARN_INT_CONVERSION = YES;
				CLANG_WARN_NON_LITERAL_NULL_CONVERSION = YES;
				CLANG_WARN_OBJC_IMPLICIT_RETAIN_SELF = YES;
				CLANG_WARN_OBJC_LITERAL_CONVERSION = YES;
				CLANG_WARN_OBJC_ROOT_CLASS = YES_ERROR;
				CLANG_WARN_RANGE_LOOP_ANALYSIS = YES;
				CLANG_WARN_STRICT_PROTOTYPES = YES;
				CLANG_WARN_SUSPICIOUS_MOVE = YES;
				CLANG_WARN_UNGUARDED_AVAILABILITY = YES_AGGRESSIVE;
				CLANG_WARN_UNREACHABLE_CODE = YES;
				CLANG_WARN__DUPLICATE_METHOD_MATCH = YES;
				CODE_SIGN_IDENTITY = "iPhone Developer";
				COPY_PHASE_STRIP = NO;
				DEBUG_INFORMATION_FORMAT = "dwarf-with-dsym";
				ENABLE_NS_ASSERTIONS = NO;
				ENABLE_STRICT_OBJC_MSGSEND = YES;
				GCC_C_LANGUAGE_STANDARD = gnu11;
				GCC_NO_COMMON_BLOCKS = YES;
				GCC_WARN_64_TO_32_BIT_CONVERSION = YES;
				GCC_WARN_ABOUT_RETURN_TYPE = YES_ERROR;
				GCC_WARN_UNDECLARED_SELECTOR = YES;
				GCC_WARN_UNINITIALIZED_AUTOS = YES_AGGRESSIVE;
				GCC_WARN_UNUSED_FUNCTION = YES;
				GCC_WARN_UNUSED_VARIABLE = YES;
				IPHONEOS_DEPLOYMENT_TARGET = 12.0;
				MTL_ENABLE_DEBUG_INFO = NO;
				MTL_FAST_MATH = YES;
				SDKROOT = iphoneos;
				VALIDATE_PRODUCT = YES;
			};
			name = Release;
		};
		BE3808CB2178AC9200FC8436 /* Debug */ = {
			isa = XCBuildConfiguration;
			buildSettings = {
				ASSETCATALOG_COMPILER_APPICON_NAME = AppIcon;
				CODE_SIGN_STYLE = Automatic;
				INFOPLIST_FILE = ObjCHelperDemo/Info.plist;
				LD_RUNPATH_SEARCH_PATHS = (
					"$(inherited)",
					"@executable_path/Frameworks",
				);
				PRODUCT_BUNDLE_IDENTIFIER = com.daniel.ObjCHelperDemo;
				PRODUCT_NAME = "$(TARGET_NAME)";
				TARGETED_DEVICE_FAMILY = "1,2";
			};
			name = Debug;
		};
		BE3808CC2178AC9200FC8436 /* Release */ = {
			isa = XCBuildConfiguration;
			buildSettings = {
				ASSETCATALOG_COMPILER_APPICON_NAME = AppIcon;
				CODE_SIGN_STYLE = Automatic;
				INFOPLIST_FILE = ObjCHelperDemo/Info.plist;
				LD_RUNPATH_SEARCH_PATHS = (
					"$(inherited)",
					"@executable_path/Frameworks",
				);
				PRODUCT_BUNDLE_IDENTIFIER = com.daniel.ObjCHelperDemo;
				PRODUCT_NAME = "$(TARGET_NAME)";
				TARGETED_DEVICE_FAMILY = "1,2";
			};
			name = Release;
		};
		BE3808DA2178ACA800FC8436 /* Debug */ = {
			isa = XCBuildConfiguration;
			buildSettings = {
				BUNDLE_LOADER = "$(TEST_HOST)";
				CODE_SIGN_STYLE = Automatic;
				INFOPLIST_FILE = ObjCHelperDemoTests/Info.plist;
				LD_RUNPATH_SEARCH_PATHS = (
					"$(inherited)",
					"@executable_path/Frameworks",
					"@loader_path/Frameworks",
				);
				PRODUCT_BUNDLE_IDENTIFIER = com.daniel.ObjCHelperDemoTests;
				PRODUCT_NAME = "$(TARGET_NAME)";
				TARGETED_DEVICE_FAMILY = "1,2";
				TEST_HOST = "$(BUILT_PRODUCTS_DIR)/ObjCHelperDemo.app/ObjCHelperDemo";
			};
			name = Debug;
		};
		BE3808DB2178ACA800FC8436 /* Release */ = {
			isa = XCBuildConfiguration;
			buildSettings = {
				BUNDLE_LOADER = "$(TEST_HOST)";
				CODE_SIGN_STYLE = Automatic;
				INFOPLIST_FILE = ObjCHelperDemoTests/Info.plist;
				LD_RUNPATH_SEARCH_PATHS = (
					"$(inherited)",
					"@executable_path/Frameworks",
					"@loader_path/Frameworks",
				);
				PRODUCT_BUNDLE_IDENTIFIER = com.daniel.ObjCHelperDemoTests;
				PRODUCT_NAME = "$(TARGET_NAME)";
				TARGETED_DEVICE_FAMILY = "1,2";
				TEST_HOST = "$(BUILT_PRODUCTS_DIR)/ObjCHelperDemo.app/ObjCHelperDemo";
			};
			name = Release;
		};
/* End XCBuildConfiguration section */

/* Begin XCConfigurationList section */
		BE3808AF2178AC9000FC8436 /* Build configuration list for PBXProject "ObjCHelperDemo" */ = {
			isa = XCConfigurationList;
			buildConfigurations = (
				BE3808C82178AC9200FC8436 /* Debug */,
				BE3808C92178AC9200FC8436 /* Release */,
			);
			defaultConfigurationIsVisible = 0;
			defaultConfigurationName = Release;
		};
		BE3808CA2178AC9200FC8436 /* Build configuration list for PBXNativeTarget "ObjCHelperDemo" */ = {
			isa = XCConfigurationList;
			buildConfigurations = (
				BE3808CB2178AC9200FC8436 /* Debug */,
				BE3808CC2178AC9200FC8436 /* Release */,
			);
			defaultConfigurationIsVisible = 0;
			defaultConfigurationName = Release;
		};
		BE3808D92178ACA800FC8436 /* Build configuration list for PBXNativeTarget "ObjCHelperDemoTests" */ = {
			isa = XCConfigurationList;
			buildConfigurations = (
				BE3808DA2178ACA800FC8436 /* Debug */,
				BE3808DB2178ACA800FC8436 /* Release */,
			);
			defaultConfigurationIsVisible = 0;
			defaultConfigurationName = Release;
		};
/* End XCConfigurationList section */
	};
	rootObject = BE3808AC2178AC9000FC8436 /* Project object */;
}
